// !$*UTF8*$!
{
	archiveVersion = 1;
	classes = {
	};
	objectVersion = 46;
	objects = {

/* Begin PBXBuildFile section */
		188399921F63962900BF02CA /* AppDelegate.swift in Sources */ = {isa = PBXBuildFile; fileRef = 188399911F63962900BF02CA /* AppDelegate.swift */; };
		188399941F63962900BF02CA /* ViewController.swift in Sources */ = {isa = PBXBuildFile; fileRef = 188399931F63962900BF02CA /* ViewController.swift */; };
		188399971F63962900BF02CA /* Main.storyboard in Resources */ = {isa = PBXBuildFile; fileRef = 188399951F63962900BF02CA /* Main.storyboard */; };
		188399991F63962900BF02CA /* Assets.xcassets in Resources */ = {isa = PBXBuildFile; fileRef = 188399981F63962900BF02CA /* Assets.xcassets */; };
		1883999C1F63962900BF02CA /* LaunchScreen.storyboard in Resources */ = {isa = PBXBuildFile; fileRef = 1883999A1F63962900BF02CA /* LaunchScreen.storyboard */; };
		188399A71F63962900BF02CA /* Hello_iOSTests.swift in Sources */ = {isa = PBXBuildFile; fileRef = 188399A61F63962900BF02CA /* Hello_iOSTests.swift */; };
		188399B21F63962A00BF02CA /* Hello_iOSUITests.swift in Sources */ = {isa = PBXBuildFile; fileRef = 188399B11F63962A00BF02CA /* Hello_iOSUITests.swift */; };
/* End PBXBuildFile section */

/* Begin PBXContainerItemProxy section */
		188399A31F63962900BF02CA /* PBXContainerItemProxy */ = {
			isa = PBXContainerItemProxy;
			containerPortal = 188399861F63962900BF02CA /* Project object */;
			proxyType = 1;
			remoteGlobalIDString = 1883998D1F63962900BF02CA;
			remoteInfo = "Hello iOS";
		};
		188399AE1F63962A00BF02CA /* PBXContainerItemProxy */ = {
			isa = PBXContainerItemProxy;
			containerPortal = 188399861F63962900BF02CA /* Project object */;
			proxyType = 1;
			remoteGlobalIDString = 1883998D1F63962900BF02CA;
			remoteInfo = "Hello iOS";
		};
/* End PBXContainerItemProxy section */

/* Begin PBXFileReference section */
		1883998E1F63962900BF02CA /* Hello iOS.app */ = {isa = PBXFileReference; explicitFileType = wrapper.application; includeInIndex = 0; path = "Hello iOS.app"; sourceTree = BUILT_PRODUCTS_DIR; };
		188399911F63962900BF02CA /* AppDelegate.swift */ = {isa = PBXFileReference; lastKnownFileType = sourcecode.swift; path = AppDelegate.swift; sourceTree = "<group>"; };
		188399931F63962900BF02CA /* ViewController.swift */ = {isa = PBXFileReference; lastKnownFileType = sourcecode.swift; path = ViewController.swift; sourceTree = "<group>"; };
		188399961F63962900BF02CA /* Base */ = {isa = PBXFileReference; lastKnownFileType = file.storyboard; name = Base; path = Base.lproj/Main.storyboard; sourceTree = "<group>"; };
		188399981F63962900BF02CA /* Assets.xcassets */ = {isa = PBXFileReference; lastKnownFileType = folder.assetcatalog; path = Assets.xcassets; sourceTree = "<group>"; };
		1883999B1F63962900BF02CA /* Base */ = {isa = PBXFileReference; lastKnownFileType = file.storyboard; name = Base; path = Base.lproj/LaunchScreen.storyboard; sourceTree = "<group>"; };
		1883999D1F63962900BF02CA /* Info.plist */ = {isa = PBXFileReference; lastKnownFileType = text.plist.xml; path = Info.plist; sourceTree = "<group>"; };
		188399A21F63962900BF02CA /* Hello iOSTests.xctest */ = {isa = PBXFileReference; explicitFileType = wrapper.cfbundle; includeInIndex = 0; path = "Hello iOSTests.xctest"; sourceTree = BUILT_PRODUCTS_DIR; };
		188399A61F63962900BF02CA /* Hello_iOSTests.swift */ = {isa = PBXFileReference; lastKnownFileType = sourcecode.swift; path = Hello_iOSTests.swift; sourceTree = "<group>"; };
		188399A81F63962900BF02CA /* Info.plist */ = {isa = PBXFileReference; lastKnownFileType = text.plist.xml; path = Info.plist; sourceTree = "<group>"; };
		188399AD1F63962A00BF02CA /* Hello iOSUITests.xctest */ = {isa = PBXFileReference; explicitFileType = wrapper.cfbundle; includeInIndex = 0; path = "Hello iOSUITests.xctest"; sourceTree = BUILT_PRODUCTS_DIR; };
		188399B11F63962A00BF02CA /* Hello_iOSUITests.swift */ = {isa = PBXFileReference; lastKnownFileType = sourcecode.swift; path = Hello_iOSUITests.swift; sourceTree = "<group>"; };
		188399B31F63962A00BF02CA /* Info.plist */ = {isa = PBXFileReference; lastKnownFileType = text.plist.xml; path = Info.plist; sourceTree = "<group>"; };
/* End PBXFileReference section */

/* Begin PBXFrameworksBuildPhase section */
		1883998B1F63962900BF02CA /* Frameworks */ = {
			isa = PBXFrameworksBuildPhase;
			buildActionMask = 2147483647;
			files = (
			);
			runOnlyForDeploymentPostprocessing = 0;
		};
		1883999F1F63962900BF02CA /* Frameworks */ = {
			isa = PBXFrameworksBuildPhase;
			buildActionMask = 2147483647;
			files = (
			);
			runOnlyForDeploymentPostprocessing = 0;
		};
		188399AA1F63962A00BF02CA /* Frameworks */ = {
			isa = PBXFrameworksBuildPhase;
			buildActionMask = 2147483647;
			files = (
			);
			runOnlyForDeploymentPostprocessing = 0;
		};
/* End PBXFrameworksBuildPhase section */

/* Begin PBXGroup section */
		188399851F63962900BF02CA = {
			isa = PBXGroup;
			children = (
				188399901F63962900BF02CA /* Hello iOS */,
				188399A51F63962900BF02CA /* Hello iOSTests */,
				188399B01F63962A00BF02CA /* Hello iOSUITests */,
				1883998F1F63962900BF02CA /* Products */,
			);
			sourceTree = "<group>";
		};
		1883998F1F63962900BF02CA /* Products */ = {
			isa = PBXGroup;
			children = (
				1883998E1F63962900BF02CA /* Hello iOS.app */,
				188399A21F63962900BF02CA /* Hello iOSTests.xctest */,
				188399AD1F63962A00BF02CA /* Hello iOSUITests.xctest */,
			);
			name = Products;
			sourceTree = "<group>";
		};
		188399901F63962900BF02CA /* Hello iOS */ = {
			isa = PBXGroup;
			children = (
				188399911F63962900BF02CA /* AppDelegate.swift */,
				188399931F63962900BF02CA /* ViewController.swift */,
				188399951F63962900BF02CA /* Main.storyboard */,
				188399981F63962900BF02CA /* Assets.xcassets */,
				1883999A1F63962900BF02CA /* LaunchScreen.storyboard */,
				1883999D1F63962900BF02CA /* Info.plist */,
			);
			path = "Hello iOS";
			sourceTree = "<group>";
		};
		188399A51F63962900BF02CA /* Hello iOSTests */ = {
			isa = PBXGroup;
			children = (
				188399A61F63962900BF02CA /* Hello_iOSTests.swift */,
				188399A81F63962900BF02CA /* Info.plist */,
			);
			path = "Hello iOSTests";
			sourceTree = "<group>";
		};
		188399B01F63962A00BF02CA /* Hello iOSUITests */ = {
			isa = PBXGroup;
			children = (
				188399B11F63962A00BF02CA /* Hello_iOSUITests.swift */,
				188399B31F63962A00BF02CA /* Info.plist */,
			);
			path = "Hello iOSUITests";
			sourceTree = "<group>";
		};
/* End PBXGroup section */

/* Begin PBXNativeTarget section */
		1883998D1F63962900BF02CA /* Hello iOS */ = {
			isa = PBXNativeTarget;
			buildConfigurationList = 188399B61F63962A00BF02CA /* Build configuration list for PBXNativeTarget "Hello iOS" */;
			buildPhases = (
				1883998A1F63962900BF02CA /* Sources */,
				1883998B1F63962900BF02CA /* Frameworks */,
				1883998C1F63962900BF02CA /* Resources */,
			);
			buildRules = (
			);
			dependencies = (
			);
			name = "Hello iOS";
			productName = "Hello iOS";
			productReference = 1883998E1F63962900BF02CA /* Hello iOS.app */;
			productType = "com.apple.product-type.application";
		};
		188399A11F63962900BF02CA /* Hello iOSTests */ = {
			isa = PBXNativeTarget;
			buildConfigurationList = 188399B91F63962A00BF02CA /* Build configuration list for PBXNativeTarget "Hello iOSTests" */;
			buildPhases = (
				1883999E1F63962900BF02CA /* Sources */,
				1883999F1F63962900BF02CA /* Frameworks */,
				188399A01F63962900BF02CA /* Resources */,
			);
			buildRules = (
			);
			dependencies = (
				188399A41F63962900BF02CA /* PBXTargetDependency */,
			);
			name = "Hello iOSTests";
			productName = "Hello iOSTests";
			productReference = 188399A21F63962900BF02CA /* Hello iOSTests.xctest */;
			productType = "com.apple.product-type.bundle.unit-test";
		};
		188399AC1F63962A00BF02CA /* Hello iOSUITests */ = {
			isa = PBXNativeTarget;
			buildConfigurationList = 188399BC1F63962A00BF02CA /* Build configuration list for PBXNativeTarget "Hello iOSUITests" */;
			buildPhases = (
				188399A91F63962A00BF02CA /* Sources */,
				188399AA1F63962A00BF02CA /* Frameworks */,
				188399AB1F63962A00BF02CA /* Resources */,
			);
			buildRules = (
			);
			dependencies = (
				188399AF1F63962A00BF02CA /* PBXTargetDependency */,
			);
			name = "Hello iOSUITests";
			productName = "Hello iOSUITests";
			productReference = 188399AD1F63962A00BF02CA /* Hello iOSUITests.xctest */;
			productType = "com.apple.product-type.bundle.ui-testing";
		};
/* End PBXNativeTarget section */

/* Begin PBXProject section */
		188399861F63962900BF02CA /* Project object */ = {
			isa = PBXProject;
			attributes = {
				LastSwiftUpdateCheck = 0830;
				LastUpgradeCheck = 0830;
				ORGANIZATIONNAME = LapponampaiW;
				TargetAttributes = {
					1883998D1F63962900BF02CA = {
						CreatedOnToolsVersion = 8.3.3;
						ProvisioningStyle = Automatic;
					};
					188399A11F63962900BF02CA = {
						CreatedOnToolsVersion = 8.3.3;
						ProvisioningStyle = Automatic;
						TestTargetID = 1883998D1F63962900BF02CA;
					};
					188399AC1F63962A00BF02CA = {
						CreatedOnToolsVersion = 8.3.3;
						ProvisioningStyle = Automatic;
						TestTargetID = 1883998D1F63962900BF02CA;
					};
				};
			};
			buildConfigurationList = 188399891F63962900BF02CA /* Build configuration list for PBXProject "Hello iOS" */;
			compatibilityVersion = "Xcode 3.2";
			developmentRegion = English;
			hasScannedForEncodings = 0;
			knownRegions = (
				en,
				Base,
			);
			mainGroup = 188399851F63962900BF02CA;
			productRefGroup = 1883998F1F63962900BF02CA /* Products */;
			projectDirPath = "";
			projectRoot = "";
			targets = (
				1883998D1F63962900BF02CA /* Hello iOS */,
				188399A11F63962900BF02CA /* Hello iOSTests */,
				188399AC1F63962A00BF02CA /* Hello iOSUITests */,
			);
		};
/* End PBXProject section */

/* Begin PBXResourcesBuildPhase section */
		1883998C1F63962900BF02CA /* Resources */ = {
			isa = PBXResourcesBuildPhase;
			buildActionMask = 2147483647;
			files = (
				1883999C1F63962900BF02CA /* LaunchScreen.storyboard in Resources */,
				188399991F63962900BF02CA /* Assets.xcassets in Resources */,
				188399971F63962900BF02CA /* Main.storyboard in Resources */,
			);
			runOnlyForDeploymentPostprocessing = 0;
		};
		188399A01F63962900BF02CA /* Resources */ = {
			isa = PBXResourcesBuildPhase;
			buildActionMask = 2147483647;
			files = (
			);
			runOnlyForDeploymentPostprocessing = 0;
		};
		188399AB1F63962A00BF02CA /* Resources */ = {
			isa = PBXResourcesBuildPhase;
			buildActionMask = 2147483647;
			files = (
			);
			runOnlyForDeploymentPostprocessing = 0;
		};
/* End PBXResourcesBuildPhase section */

/* Begin PBXSourcesBuildPhase section */
		1883998A1F63962900BF02CA /* Sources */ = {
			isa = PBXSourcesBuildPhase;
			buildActionMask = 2147483647;
			files = (
				188399941F63962900BF02CA /* ViewController.swift in Sources */,
				188399921F63962900BF02CA /* AppDelegate.swift in Sources */,
			);
			runOnlyForDeploymentPostprocessing = 0;
		};
		1883999E1F63962900BF02CA /* Sources */ = {
			isa = PBXSourcesBuildPhase;
			buildActionMask = 2147483647;
			files = (
				188399A71F63962900BF02CA /* Hello_iOSTests.swift in Sources */,
			);
			runOnlyForDeploymentPostprocessing = 0;
		};
		188399A91F63962A00BF02CA /* Sources */ = {
			isa = PBXSourcesBuildPhase;
			buildActionMask = 2147483647;
			files = (
				188399B21F63962A00BF02CA /* Hello_iOSUITests.swift in Sources */,
			);
			runOnlyForDeploymentPostprocessing = 0;
		};
/* End PBXSourcesBuildPhase section */

/* Begin PBXTargetDependency section */
		188399A41F63962900BF02CA /* PBXTargetDependency */ = {
			isa = PBXTargetDependency;
			target = 1883998D1F63962900BF02CA /* Hello iOS */;
			targetProxy = 188399A31F63962900BF02CA /* PBXContainerItemProxy */;
		};
		188399AF1F63962A00BF02CA /* PBXTargetDependency */ = {
			isa = PBXTargetDependency;
			target = 1883998D1F63962900BF02CA /* Hello iOS */;
			targetProxy = 188399AE1F63962A00BF02CA /* PBXContainerItemProxy */;
		};
/* End PBXTargetDependency section */

/* Begin PBXVariantGroup section */
		188399951F63962900BF02CA /* Main.storyboard */ = {
			isa = PBXVariantGroup;
			children = (
				188399961F63962900BF02CA /* Base */,
			);
			name = Main.storyboard;
			sourceTree = "<group>";
		};
		1883999A1F63962900BF02CA /* LaunchScreen.storyboard */ = {
			isa = PBXVariantGroup;
			children = (
				1883999B1F63962900BF02CA /* Base */,
			);
			name = LaunchScreen.storyboard;
			sourceTree = "<group>";
		};
/* End PBXVariantGroup section */

/* Begin XCBuildConfiguration section */
		188399B41F63962A00BF02CA /* Debug */ = {
			isa = XCBuildConfiguration;
			buildSettings = {
				ALWAYS_SEARCH_USER_PATHS = NO;
				CLANG_ANALYZER_NONNULL = YES;
				CLANG_ANALYZER_NUMBER_OBJECT_CONVERSION = YES_AGGRESSIVE;
				CLANG_CXX_LANGUAGE_STANDARD = "gnu++0x";
				CLANG_CXX_LIBRARY = "libc++";
				CLANG_ENABLE_MODULES = YES;
				CLANG_ENABLE_OBJC_ARC = YES;
				CLANG_WARN_BOOL_CONVERSION = YES;
				CLANG_WARN_CONSTANT_CONVERSION = YES;
				CLANG_WARN_DIRECT_OBJC_ISA_USAGE = YES_ERROR;
				CLANG_WARN_DOCUMENTATION_COMMENTS = YES;
				CLANG_WARN_EMPTY_BODY = YES;
				CLANG_WARN_ENUM_CONVERSION = YES;
				CLANG_WARN_INFINITE_RECURSION = YES;
				CLANG_WARN_INT_CONVERSION = YES;
				CLANG_WARN_OBJC_ROOT_CLASS = YES_ERROR;
				CLANG_WARN_SUSPICIOUS_MOVE = YES;
				CLANG_WARN_UNREACHABLE_CODE = YES;
				CLANG_WARN__DUPLICATE_METHOD_MATCH = YES;
				"CODE_SIGN_IDENTITY[sdk=iphoneos*]" = "iPhone Developer";
				COPY_PHASE_STRIP = NO;
				DEBUG_INFORMATION_FORMAT = dwarf;
				ENABLE_STRICT_OBJC_MSGSEND = YES;
				ENABLE_TESTABILITY = YES;
				GCC_C_LANGUAGE_STANDARD = gnu99;
				GCC_DYNAMIC_NO_PIC = NO;
				GCC_NO_COMMON_BLOCKS = YES;
				GCC_OPTIMIZATION_LEVEL = 0;
				GCC_PREPROCESSOR_DEFINITIONS = (
					"DEBUG=1",
					"$(inherited)",
				);
				GCC_WARN_64_TO_32_BIT_CONVERSION = YES;
				GCC_WARN_ABOUT_RETURN_TYPE = YES_ERROR;
				GCC_WARN_UNDECLARED_SELECTOR = YES;
				GCC_WARN_UNINITIALIZED_AUTOS = YES_AGGRESSIVE;
				GCC_WARN_UNUSED_FUNCTION = YES;
				GCC_WARN_UNUSED_VARIABLE = YES;
				IPHONEOS_DEPLOYMENT_TARGET = 10.3;
				MTL_ENABLE_DEBUG_INFO = YES;
				ONLY_ACTIVE_ARCH = YES;
				SDKROOT = iphoneos;
				SWIFT_ACTIVE_COMPILATION_CONDITIONS = DEBUG;
				SWIFT_OPTIMIZATION_LEVEL = "-Onone";
				TARGETED_DEVICE_FAMILY = "1,2";
			};
			name = Debug;
		};
		188399B51F63962A00BF02CA /* Release */ = {
			isa = XCBuildConfiguration;
			buildSettings = {
				ALWAYS_SEARCH_USER_PATHS = NO;
				CLANG_ANALYZER_NONNULL = YES;
				CLANG_ANALYZER_NUMBER_OBJECT_CONVERSION = YES_AGGRESSIVE;
				CLANG_CXX_LANGUAGE_STANDARD = "gnu++0x";
				CLANG_CXX_LIBRARY = "libc++";
				CLANG_ENABLE_MODULES = YES;
				CLANG_ENABLE_OBJC_ARC = YES;
				CLANG_WARN_BOOL_CONVERSION = YES;
				CLANG_WARN_CONSTANT_CONVERSION = YES;
				CLANG_WARN_DIRECT_OBJC_ISA_USAGE = YES_ERROR;
				CLANG_WARN_DOCUMENTATION_COMMENTS = YES;
				CLANG_WARN_EMPTY_BODY = YES;
				CLANG_WARN_ENUM_CONVERSION = YES;
				CLANG_WARN_INFINITE_RECURSION = YES;
				CLANG_WARN_INT_CONVERSION = YES;
				CLANG_WARN_OBJC_ROOT_CLASS = YES_ERROR;
				CLANG_WARN_SUSPICIOUS_MOVE = YES;
				CLANG_WARN_UNREACHABLE_CODE = YES;
				CLANG_WARN__DUPLICATE_METHOD_MATCH = YES;
				"CODE_SIGN_IDENTITY[sdk=iphoneos*]" = "iPhone Developer";
				COPY_PHASE_STRIP = NO;
				DEBUG_INFORMATION_FORMAT = "dwarf-with-dsym";
				ENABLE_NS_ASSERTIONS = NO;
				ENABLE_STRICT_OBJC_MSGSEND = YES;
				GCC_C_LANGUAGE_STANDARD = gnu99;
				GCC_NO_COMMON_BLOCKS = YES;
				GCC_WARN_64_TO_32_BIT_CONVERSION = YES;
				GCC_WARN_ABOUT_RETURN_TYPE = YES_ERROR;
				GCC_WARN_UNDECLARED_SELECTOR = YES;
				GCC_WARN_UNINITIALIZED_AUTOS = YES_AGGRESSIVE;
				GCC_WARN_UNUSED_FUNCTION = YES;
				GCC_WARN_UNUSED_VARIABLE = YES;
				IPHONEOS_DEPLOYMENT_TARGET = 10.3;
				MTL_ENABLE_DEBUG_INFO = NO;
				SDKROOT = iphoneos;
				SWIFT_OPTIMIZATION_LEVEL = "-Owholemodule";
				TARGETED_DEVICE_FAMILY = "1,2";
				VALIDATE_PRODUCT = YES;
			};
			name = Release;
		};
		188399B71F63962A00BF02CA /* Debug */ = {
			isa = XCBuildConfiguration;
			buildSettings = {
				ASSETCATALOG_COMPILER_APPICON_NAME = AppIcon;
				INFOPLIST_FILE = "Hello iOS/Info.plist";
				LD_RUNPATH_SEARCH_PATHS = "$(inherited) @executable_path/Frameworks";
				PRODUCT_BUNDLE_IDENTIFIER = "app.LapponampaiW.Hello-iOS";
				PRODUCT_NAME = "$(TARGET_NAME)";
				SWIFT_VERSION = 3.0;
			};
			name = Debug;
		};
		188399B81F63962A00BF02CA /* Release */ = {
			isa = XCBuildConfiguration;
			buildSettings = {
				ASSETCATALOG_COMPILER_APPICON_NAME = AppIcon;
				INFOPLIST_FILE = "Hello iOS/Info.plist";
				LD_RUNPATH_SEARCH_PATHS = "$(inherited) @executable_path/Frameworks";
				PRODUCT_BUNDLE_IDENTIFIER = "app.LapponampaiW.Hello-iOS";
				PRODUCT_NAME = "$(TARGET_NAME)";
				SWIFT_VERSION = 3.0;
			};
			name = Release;
		};
		188399BA1F63962A00BF02CA /* Debug */ = {
			isa = XCBuildConfiguration;
			buildSettings = {
				ALWAYS_EMBED_SWIFT_STANDARD_LIBRARIES = YES;
				BUNDLE_LOADER = "$(TEST_HOST)";
				INFOPLIST_FILE = "Hello iOSTests/Info.plist";
				LD_RUNPATH_SEARCH_PATHS = "$(inherited) @executable_path/Frameworks @loader_path/Frameworks";
				PRODUCT_BUNDLE_IDENTIFIER = "app.LapponampaiW.Hello-iOSTests";
				PRODUCT_NAME = "$(TARGET_NAME)";
				SWIFT_VERSION = 3.0;
				TEST_HOST = "$(BUILT_PRODUCTS_DIR)/Hello iOS.app/Hello iOS";
			};
			name = Debug;
		};
		188399BB1F63962A00BF02CA /* Release */ = {
			isa = XCBuildConfiguration;
			buildSettings = {
				ALWAYS_EMBED_SWIFT_STANDARD_LIBRARIES = YES;
				BUNDLE_LOADER = "$(TEST_HOST)";
				INFOPLIST_FILE = "Hello iOSTests/Info.plist";
				LD_RUNPATH_SEARCH_PATHS = "$(inherited) @executable_path/Frameworks @loader_path/Frameworks";
				PRODUCT_BUNDLE_IDENTIFIER = "app.LapponampaiW.Hello-iOSTests";
				PRODUCT_NAME = "$(TARGET_NAME)";
				SWIFT_VERSION = 3.0;
				TEST_HOST = "$(BUILT_PRODUCTS_DIR)/Hello iOS.app/Hello iOS";
			};
			name = Release;
		};
		188399BD1F63962A00BF02CA /* Debug */ = {
			isa = XCBuildConfiguration;
			buildSettings = {
				ALWAYS_EMBED_SWIFT_STANDARD_LIBRARIES = YES;
				INFOPLIST_FILE = "Hello iOSUITests/Info.plist";
				LD_RUNPATH_SEARCH_PATHS = "$(inherited) @executable_path/Frameworks @loader_path/Frameworks";
				PRODUCT_BUNDLE_IDENTIFIER = "app.LapponampaiW.Hello-iOSUITests";
				PRODUCT_NAME = "$(TARGET_NAME)";
				SWIFT_VERSION = 3.0;
				TEST_TARGET_NAME = "Hello iOS";
			};
			name = Debug;
		};
		188399BE1F63962A00BF02CA /* Release */ = {
			isa = XCBuildConfiguration;
			buildSettings = {
				ALWAYS_EMBED_SWIFT_STANDARD_LIBRARIES = YES;
				INFOPLIST_FILE = "Hello iOSUITests/Info.plist";
				LD_RUNPATH_SEARCH_PATHS = "$(inherited) @executable_path/Frameworks @loader_path/Frameworks";
				PRODUCT_BUNDLE_IDENTIFIER = "app.LapponampaiW.Hello-iOSUITests";
				PRODUCT_NAME = "$(TARGET_NAME)";
				SWIFT_VERSION = 3.0;
				TEST_TARGET_NAME = "Hello iOS";
			};
			name = Release;
		};
/* End XCBuildConfiguration section */

/* Begin XCConfigurationList section */
		188399891F63962900BF02CA /* Build configuration list for PBXProject "Hello iOS" */ = {
			isa = XCConfigurationList;
			buildConfigurations = (
				188399B41F63962A00BF02CA /* Debug */,
				188399B51F63962A00BF02CA /* Release */,
			);
			defaultConfigurationIsVisible = 0;
			defaultConfigurationName = Release;
		};
		188399B61F63962A00BF02CA /* Build configuration list for PBXNativeTarget "Hello iOS" */ = {
			isa = XCConfigurationList;
			buildConfigurations = (
				188399B71F63962A00BF02CA /* Debug */,
				188399B81F63962A00BF02CA /* Release */,
			);
			defaultConfigurationIsVisible = 0;
		};
		188399B91F63962A00BF02CA /* Build configuration list for PBXNativeTarget "Hello iOSTests" */ = {
			isa = XCConfigurationList;
			buildConfigurations = (
				188399BA1F63962A00BF02CA /* Debug */,
				188399BB1F63962A00BF02CA /* Release */,
			);
			defaultConfigurationIsVisible = 0;
		};
		188399BC1F63962A00BF02CA /* Build configuration list for PBXNativeTarget "Hello iOSUITests" */ = {
			isa = XCConfigurationList;
			buildConfigurations = (
				188399BD1F63962A00BF02CA /* Debug */,
				188399BE1F63962A00BF02CA /* Release */,
			);
			defaultConfigurationIsVisible = 0;
		};
/* End XCConfigurationList section */
	};
	rootObject = 188399861F63962900BF02CA /* Project object */;
}
